
Microsoft Visual Studio Solution File, Format Version 12.00
# Visual Studio Version 16
VisualStudioVersion = 16.0.30204.135
MinimumVisualStudioVersion = 10.0.40219.1
Project("{FAE04EC0-301F-11D3-BF4B-00C04F79EFBC}") = "İngilizce Kelime", "İngilizce Kelime\İngilizce Kelime.csproj", "{28BF0869-BB70-47E5-8FE6-E54E4735C102}"
EndProject
Global
	GlobalSection(SolutionConfigurationPlatforms) = preSolution
		Debug|Any CPU = Debug|Any CPU
		Release|Any CPU = Release|Any CPU
	EndGlobalSection
	GlobalSection(ProjectConfigurationPlatforms) = postSolution
		{28BF0869-BB70-47E5-8FE6-E54E4735C102}.Debug|Any CPU.ActiveCfg = Debug|Any CPU
		{28BF0869-BB70-47E5-8FE6-E54E4735C102}.Debug|Any CPU.Build.0 = Debug|Any CPU
		{28BF0869-BB70-47E5-8FE6-E54E4735C102}.Release|Any CPU.ActiveCfg = Release|Any CPU
		{28BF0869-BB70-47E5-8FE6-E54E4735C102}.Release|Any CPU.Build.0 = Release|Any CPU
	EndGlobalSection
	GlobalSection(SolutionProperties) = preSolution
		HideSolutionNode = FALSE
	EndGlobalSection
	GlobalSection(ExtensibilityGlobals) = postSolution
		SolutionGuid = {0EB94C67-0CAF-4881-8570-08CBB6C85E0C}
	EndGlobalSection
EndGlobal
