
Microsoft Visual Studio Solution File, Format Version 12.00
# Visual Studio Version 16
VisualStudioVersion = 16.0.30204.135
MinimumVisualStudioVersion = 10.0.40219.1
Project("{FAE04EC0-301F-11D3-BF4B-00C04F79EFBC}") = "MaaliyetTest", "MaaliyetTest\MaaliyetTest.csproj", "{CE8B2F53-389B-4324-A681-9145A9E2777E}"
EndProject
Global
	GlobalSection(SolutionConfigurationPlatforms) = preSolution
		Debug|Any CPU = Debug|Any CPU
		Release|Any CPU = Release|Any CPU
	EndGlobalSection
	GlobalSection(ProjectConfigurationPlatforms) = postSolution
		{CE8B2F53-389B-4324-A681-9145A9E2777E}.Debug|Any CPU.ActiveCfg = Debug|Any CPU
		{CE8B2F53-389B-4324-A681-9145A9E2777E}.Debug|Any CPU.Build.0 = Debug|Any CPU
		{CE8B2F53-389B-4324-A681-9145A9E2777E}.Release|Any CPU.ActiveCfg = Release|Any CPU
		{CE8B2F53-389B-4324-A681-9145A9E2777E}.Release|Any CPU.Build.0 = Release|Any CPU
	EndGlobalSection
	GlobalSection(SolutionProperties) = preSolution
		HideSolutionNode = FALSE
	EndGlobalSection
	GlobalSection(ExtensibilityGlobals) = postSolution
		SolutionGuid = {C59DE751-5EFD-42C8-8E9F-F8D2BF259BA0}
	EndGlobalSection
EndGlobal
