
Microsoft Visual Studio Solution File, Format Version 12.00
# Visual Studio Version 16
VisualStudioVersion = 16.0.30204.135
MinimumVisualStudioVersion = 10.0.40219.1
Project("{FAE04EC0-301F-11D3-BF4B-00C04F79EFBC}") = "Test_Trigger", "Test_Trigger\Test_Trigger.csproj", "{83CB170A-F109-4957-854E-2DFABC3981D8}"
EndProject
Global
	GlobalSection(SolutionConfigurationPlatforms) = preSolution
		Debug|Any CPU = Debug|Any CPU
		Release|Any CPU = Release|Any CPU
	EndGlobalSection
	GlobalSection(ProjectConfigurationPlatforms) = postSolution
		{83CB170A-F109-4957-854E-2DFABC3981D8}.Debug|Any CPU.ActiveCfg = Debug|Any CPU
		{83CB170A-F109-4957-854E-2DFABC3981D8}.Debug|Any CPU.Build.0 = Debug|Any CPU
		{83CB170A-F109-4957-854E-2DFABC3981D8}.Release|Any CPU.ActiveCfg = Release|Any CPU
		{83CB170A-F109-4957-854E-2DFABC3981D8}.Release|Any CPU.Build.0 = Release|Any CPU
	EndGlobalSection
	GlobalSection(SolutionProperties) = preSolution
		HideSolutionNode = FALSE
	EndGlobalSection
	GlobalSection(ExtensibilityGlobals) = postSolution
		SolutionGuid = {F8D4F33A-CD26-44AE-9082-C3F753F61D0A}
	EndGlobalSection
EndGlobal
