
Microsoft Visual Studio Solution File, Format Version 12.00
# Visual Studio Version 16
VisualStudioVersion = 16.0.30204.135
MinimumVisualStudioVersion = 10.0.40219.1
Project("{FAE04EC0-301F-11D3-BF4B-00C04F79EFBC}") = "Film Arsivim", "Film Arsivim\Film Arsivim.csproj", "{92FB5F87-4DE0-462F-86C0-F033F4C36BA2}"
EndProject
Global
	GlobalSection(SolutionConfigurationPlatforms) = preSolution
		Debug|Any CPU = Debug|Any CPU
		Release|Any CPU = Release|Any CPU
	EndGlobalSection
	GlobalSection(ProjectConfigurationPlatforms) = postSolution
		{92FB5F87-4DE0-462F-86C0-F033F4C36BA2}.Debug|Any CPU.ActiveCfg = Debug|Any CPU
		{92FB5F87-4DE0-462F-86C0-F033F4C36BA2}.Debug|Any CPU.Build.0 = Debug|Any CPU
		{92FB5F87-4DE0-462F-86C0-F033F4C36BA2}.Release|Any CPU.ActiveCfg = Release|Any CPU
		{92FB5F87-4DE0-462F-86C0-F033F4C36BA2}.Release|Any CPU.Build.0 = Release|Any CPU
	EndGlobalSection
	GlobalSection(SolutionProperties) = preSolution
		HideSolutionNode = FALSE
	EndGlobalSection
	GlobalSection(ExtensibilityGlobals) = postSolution
		SolutionGuid = {D6D907EB-590E-474A-971C-F5FA07FB9DA6}
	EndGlobalSection
EndGlobal
