
Microsoft Visual Studio Solution File, Format Version 12.00
# Visual Studio Version 16
VisualStudioVersion = 16.0.30204.135
MinimumVisualStudioVersion = 10.0.40219.1
Project("{FAE04EC0-301F-11D3-BF4B-00C04F79EFBC}") = "List Yapısı ve List İle Öğrenci Kayıt", "List Yapısı ve List İle Öğrenci Kayıt\List Yapısı ve List İle Öğrenci Kayıt.csproj", "{3EB73290-2B2F-41C2-8F16-B59D88F070D5}"
EndProject
Global
	GlobalSection(SolutionConfigurationPlatforms) = preSolution
		Debug|Any CPU = Debug|Any CPU
		Release|Any CPU = Release|Any CPU
	EndGlobalSection
	GlobalSection(ProjectConfigurationPlatforms) = postSolution
		{3EB73290-2B2F-41C2-8F16-B59D88F070D5}.Debug|Any CPU.ActiveCfg = Debug|Any CPU
		{3EB73290-2B2F-41C2-8F16-B59D88F070D5}.Debug|Any CPU.Build.0 = Debug|Any CPU
		{3EB73290-2B2F-41C2-8F16-B59D88F070D5}.Release|Any CPU.ActiveCfg = Release|Any CPU
		{3EB73290-2B2F-41C2-8F16-B59D88F070D5}.Release|Any CPU.Build.0 = Release|Any CPU
	EndGlobalSection
	GlobalSection(SolutionProperties) = preSolution
		HideSolutionNode = FALSE
	EndGlobalSection
	GlobalSection(ExtensibilityGlobals) = postSolution
		SolutionGuid = {9A519736-0A5E-4314-AB61-BDD75FA0DAAB}
	EndGlobalSection
EndGlobal
