
Microsoft Visual Studio Solution File, Format Version 12.00
# Visual Studio Version 16
VisualStudioVersion = 16.0.30204.135
MinimumVisualStudioVersion = 10.0.40219.1
Project("{FAE04EC0-301F-11D3-BF4B-00C04F79EFBC}") = "BankaTest", "BankaTest\BankaTest.csproj", "{FFEFCEF5-2100-4CCB-97D1-42ACCB3A4ADD}"
EndProject
Global
	GlobalSection(SolutionConfigurationPlatforms) = preSolution
		Debug|Any CPU = Debug|Any CPU
		Release|Any CPU = Release|Any CPU
	EndGlobalSection
	GlobalSection(ProjectConfigurationPlatforms) = postSolution
		{FFEFCEF5-2100-4CCB-97D1-42ACCB3A4ADD}.Debug|Any CPU.ActiveCfg = Debug|Any CPU
		{FFEFCEF5-2100-4CCB-97D1-42ACCB3A4ADD}.Debug|Any CPU.Build.0 = Debug|Any CPU
		{FFEFCEF5-2100-4CCB-97D1-42ACCB3A4ADD}.Release|Any CPU.ActiveCfg = Release|Any CPU
		{FFEFCEF5-2100-4CCB-97D1-42ACCB3A4ADD}.Release|Any CPU.Build.0 = Release|Any CPU
	EndGlobalSection
	GlobalSection(SolutionProperties) = preSolution
		HideSolutionNode = FALSE
	EndGlobalSection
	GlobalSection(ExtensibilityGlobals) = postSolution
		SolutionGuid = {A651A133-812A-4B80-8F9F-8058B9EED03F}
	EndGlobalSection
EndGlobal
